
Microsoft Visual Studio Solution File, Format Version 12.00
# Visual Studio Version 17
VisualStudioVersion = 17.4.33205.214
MinimumVisualStudioVersion = 10.0.40219.1
Project("{FAE04EC0-301F-11D3-BF4B-00C04F79EFBC}") = "fussball_aufgabe", "fussball_aufgabe\fussball_aufgabe.csproj", "{FE2FC77C-7722-4847-B8A8-2F2D76D008F6}"
EndProject
Global
	GlobalSection(SolutionConfigurationPlatforms) = preSolution
		Debug|Any CPU = Debug|Any CPU
		Release|Any CPU = Release|Any CPU
	EndGlobalSection
	GlobalSection(ProjectConfigurationPlatforms) = postSolution
		{FE2FC77C-7722-4847-B8A8-2F2D76D008F6}.Debug|Any CPU.ActiveCfg = Debug|Any CPU
		{FE2FC77C-7722-4847-B8A8-2F2D76D008F6}.Debug|Any CPU.Build.0 = Debug|Any CPU
		{FE2FC77C-7722-4847-B8A8-2F2D76D008F6}.Release|Any CPU.ActiveCfg = Release|Any CPU
		{FE2FC77C-7722-4847-B8A8-2F2D76D008F6}.Release|Any CPU.Build.0 = Release|Any CPU
	EndGlobalSection
	GlobalSection(SolutionProperties) = preSolution
		HideSolutionNode = FALSE
	EndGlobalSection
	GlobalSection(ExtensibilityGlobals) = postSolution
		SolutionGuid = {F8EBEE0D-51D1-4FE7-8ECD-747B681E7BF7}
	EndGlobalSection
EndGlobal
